Microsoft Visual Studio Solution File, Format Version 12.00
# Visual Studio Version 17
VisualStudioVersion = 17.5.2.0
MinimumVisualStudioVersion = 10.0.40219.1
Project("{2150E333-8FDC-42A3-9474-1A3956D46DE8}") = "backend", "backend", "{1AE8ACA6-933B-BF2A-3671-3E2EAC007D16}"
EndProject
Project("{FAE04EC0-301F-11D3-BF4B-00C04F79EFBC}") = "Todo_App", "backend\Todo_App\Todo_App.csproj", "{E8B7618B-EA70-0597-8373-E01C67876DE8}"
EndProject
Global
	GlobalSection(SolutionConfigurationPlatforms) = preSolution
		Debug|Any CPU = Debug|Any CPU
		Release|Any CPU = Release|Any CPU
	EndGlobalSection
	GlobalSection(ProjectConfigurationPlatforms) = postSolution
		{E8B7618B-EA70-0597-8373-E01C67876DE8}.Debug|Any CPU.ActiveCfg = Debug|Any CPU
		{E8B7618B-EA70-0597-8373-E01C67876DE8}.Debug|Any CPU.Build.0 = Debug|Any CPU
		{E8B7618B-EA70-0597-8373-E01C67876DE8}.Release|Any CPU.ActiveCfg = Release|Any CPU
		{E8B7618B-EA70-0597-8373-E01C67876DE8}.Release|Any CPU.Build.0 = Release|Any CPU
	EndGlobalSection
	GlobalSection(SolutionProperties) = preSolution
		HideSolutionNode = FALSE
	EndGlobalSection
	GlobalSection(NestedProjects) = preSolution
		{E8B7618B-EA70-0597-8373-E01C67876DE8} = {1AE8ACA6-933B-BF2A-3671-3E2EAC007D16}
	EndGlobalSection
	GlobalSection(ExtensibilityGlobals) = postSolution
		SolutionGuid = {B33222EE-76C4-4E8E-8071-E650E69A9845}
	EndGlobalSection
EndGlobal
